// !$*UTF8*$!
{
	archiveVersion = 1;
	classes = {
	};
	objectVersion = 48;
	objects = {

/* Begin PBXBuildFile section */
		15E9B2951FBAF09100D1141C /* Constants.swift in Sources */ = {isa = PBXBuildFile; fileRef = 15E9B2941FBAF09100D1141C /* Constants.swift */; };
		15E9B2971FBAF2D800D1141C /* RegisterViewController.swift in Sources */ = {isa = PBXBuildFile; fileRef = 15E9B2961FBAF2D800D1141C /* RegisterViewController.swift */; };
		15E9B2991FBB022D00D1141C /* FUser.swift in Sources */ = {isa = PBXBuildFile; fileRef = 15E9B2981FBB022D00D1141C /* FUser.swift */; };
		15E9B29B1FBB058700D1141C /* Settings.swift in Sources */ = {isa = PBXBuildFile; fileRef = 15E9B29A1FBB058600D1141C /* Settings.swift */; };
		18259C6E1FBA3687007456A3 /* AppDelegate.swift in Sources */ = {isa = PBXBuildFile; fileRef = 18259C6D1FBA3687007456A3 /* AppDelegate.swift */; };
		18259C731FBA3687007456A3 /* Main.storyboard in Resources */ = {isa = PBXBuildFile; fileRef = 18259C711FBA3687007456A3 /* Main.storyboard */; };
		18259C751FBA3687007456A3 /* Assets.xcassets in Resources */ = {isa = PBXBuildFile; fileRef = 18259C741FBA3687007456A3 /* Assets.xcassets */; };
		18259C781FBA3687007456A3 /* LaunchScreen.storyboard in Resources */ = {isa = PBXBuildFile; fileRef = 18259C761FBA3687007456A3 /* LaunchScreen.storyboard */; };
		18259C801FBA3794007456A3 /* GoogleService-Info.plist in Resources */ = {isa = PBXBuildFile; fileRef = 18259C7F1FBA3794007456A3 /* GoogleService-Info.plist */; };
		183EBC211FBCC80D00208AEC /* RecentViewController.swift in Sources */ = {isa = PBXBuildFile; fileRef = 183EBC201FBCC80D00208AEC /* RecentViewController.swift */; };
		183EBC231FBCC8AB00208AEC /* PropertyCollectionViewCell.swift in Sources */ = {isa = PBXBuildFile; fileRef = 183EBC221FBCC8AB00208AEC /* PropertyCollectionViewCell.swift */; };
		183EBC271FBD71AD00208AEC /* Property.swift in Sources */ = {isa = PBXBuildFile; fileRef = 183EBC261FBD71AD00208AEC /* Property.swift */; };
		1858C0D21FBB7C8B00F1398F /* ProgressHUD.bundle in Resources */ = {isa = PBXBuildFile; fileRef = 1858C0CF1FBB7C8B00F1398F /* ProgressHUD.bundle */; };
		1858C0D31FBB7C8B00F1398F /* ProgressHUD.m in Sources */ = {isa = PBXBuildFile; fileRef = 1858C0D11FBB7C8B00F1398F /* ProgressHUD.m */; };
		93A96A989C4EF60F7297AB84 /* Pods_ECommerceApp.framework in Frameworks */ = {isa = PBXBuildFile; fileRef = 76D5240AF3E8C3E1CB6B60D3 /* Pods_ECommerceApp.framework */; };
/* End PBXBuildFile section */

/* Begin PBXFileReference section */
		052B37B353C2A71404567A14 /* Pods-ECommerceApp.release.xcconfig */ = {isa = PBXFileReference; includeInIndex = 1; lastKnownFileType = text.xcconfig; name = "Pods-ECommerceApp.release.xcconfig"; path = "Pods/Target Support Files/Pods-ECommerceApp/Pods-ECommerceApp.release.xcconfig"; sourceTree = "<group>"; };
		1565483B1FBAEB3700605F43 /* ECommerceApp-Bridging-Header.h */ = {isa = PBXFileReference; lastKnownFileType = sourcecode.c.h; path = "ECommerceApp-Bridging-Header.h"; sourceTree = "<group>"; };
		15E9B2941FBAF09100D1141C /* Constants.swift */ = {isa = PBXFileReference; lastKnownFileType = sourcecode.swift; path = Constants.swift; sourceTree = "<group>"; };
		15E9B2961FBAF2D800D1141C /* RegisterViewController.swift */ = {isa = PBXFileReference; lastKnownFileType = sourcecode.swift; path = RegisterViewController.swift; sourceTree = "<group>"; };
		15E9B2981FBB022D00D1141C /* FUser.swift */ = {isa = PBXFileReference; lastKnownFileType = sourcecode.swift; path = FUser.swift; sourceTree = "<group>"; };
		15E9B29A1FBB058600D1141C /* Settings.swift */ = {isa = PBXFileReference; lastKnownFileType = sourcecode.swift; path = Settings.swift; sourceTree = "<group>"; };
		15E9B29C1FBB251600D1141C /* ECommerceApp.entitlements */ = {isa = PBXFileReference; lastKnownFileType = text.plist.entitlements; path = ECommerceApp.entitlements; sourceTree = "<group>"; };
		18259C6A1FBA3687007456A3 /* ECommerceApp.app */ = {isa = PBXFileReference; explicitFileType = wrapper.application; includeInIndex = 0; path = ECommerceApp.app; sourceTree = BUILT_PRODUCTS_DIR; };
		18259C6D1FBA3687007456A3 /* AppDelegate.swift */ = {isa = PBXFileReference; lastKnownFileType = sourcecode.swift; path = AppDelegate.swift; sourceTree = "<group>"; };
		18259C721FBA3687007456A3 /* Base */ = {isa = PBXFileReference; lastKnownFileType = file.storyboard; name = Base; path = Base.lproj/Main.storyboard; sourceTree = "<group>"; };
		18259C741FBA3687007456A3 /* Assets.xcassets */ = {isa = PBXFileReference; lastKnownFileType = folder.assetcatalog; path = Assets.xcassets; sourceTree = "<group>"; };
		18259C771FBA3687007456A3 /* Base */ = {isa = PBXFileReference; lastKnownFileType = file.storyboard; name = Base; path = Base.lproj/LaunchScreen.storyboard; sourceTree = "<group>"; };
		18259C791FBA3687007456A3 /* Info.plist */ = {isa = PBXFileReference; lastKnownFileType = text.plist.xml; path = Info.plist; sourceTree = "<group>"; };
		18259C7F1FBA3794007456A3 /* GoogleService-Info.plist */ = {isa = PBXFileReference; fileEncoding = 4; lastKnownFileType = text.plist.xml; path = "GoogleService-Info.plist"; sourceTree = "<group>"; };
		183EBC201FBCC80D00208AEC /* RecentViewController.swift */ = {isa = PBXFileReference; lastKnownFileType = sourcecode.swift; path = RecentViewController.swift; sourceTree = "<group>"; };
		183EBC221FBCC8AB00208AEC /* PropertyCollectionViewCell.swift */ = {isa = PBXFileReference; lastKnownFileType = sourcecode.swift; path = PropertyCollectionViewCell.swift; sourceTree = "<group>"; };
		183EBC261FBD71AD00208AEC /* Property.swift */ = {isa = PBXFileReference; lastKnownFileType = sourcecode.swift; path = Property.swift; sourceTree = "<group>"; };
		1858C0CF1FBB7C8B00F1398F /* ProgressHUD.bundle */ = {isa = PBXFileReference; lastKnownFileType = "wrapper.plug-in"; path = ProgressHUD.bundle; sourceTree = "<group>"; };
		1858C0D01FBB7C8B00F1398F /* ProgressHUD.h */ = {isa = PBXFileReference; fileEncoding = 4; lastKnownFileType = sourcecode.c.h; path = ProgressHUD.h; sourceTree = "<group>"; };
		1858C0D11FBB7C8B00F1398F /* ProgressHUD.m */ = {isa = PBXFileReference; fileEncoding = 4; lastKnownFileType = sourcecode.c.objc; path = ProgressHUD.m; sourceTree = "<group>"; };
		76D5240AF3E8C3E1CB6B60D3 /* Pods_ECommerceApp.framework */ = {isa = PBXFileReference; explicitFileType = wrapper.framework; includeInIndex = 0; path = Pods_ECommerceApp.framework; sourceTree = BUILT_PRODUCTS_DIR; };
		83D2C74B81F689F3744313A5 /* Pods-ECommerceApp.debug.xcconfig */ = {isa = PBXFileReference; includeInIndex = 1; lastKnownFileType = text.xcconfig; name = "Pods-ECommerceApp.debug.xcconfig"; path = "Pods/Target Support Files/Pods-ECommerceApp/Pods-ECommerceApp.debug.xcconfig"; sourceTree = "<group>"; };
/* End PBXFileReference section */

/* Begin PBXFrameworksBuildPhase section */
		18259C671FBA3687007456A3 /* Frameworks */ = {
			isa = PBXFrameworksBuildPhase;
			buildActionMask = 2147483647;
			files = (
				93A96A989C4EF60F7297AB84 /* Pods_ECommerceApp.framework in Frameworks */,
			);
			runOnlyForDeploymentPostprocessing = 0;
		};
/* End PBXFrameworksBuildPhase section */

/* Begin PBXGroup section */
		0D022F7DCC3BD74B87D56658 /* Pods */ = {
			isa = PBXGroup;
			children = (
				83D2C74B81F689F3744313A5 /* Pods-ECommerceApp.debug.xcconfig */,
				052B37B353C2A71404567A14 /* Pods-ECommerceApp.release.xcconfig */,
			);
			name = Pods;
			sourceTree = "<group>";
		};
		18259C611FBA3687007456A3 = {
			isa = PBXGroup;
			children = (
				18259C6C1FBA3687007456A3 /* ECommerceApp */,
				18259C6B1FBA3687007456A3 /* Products */,
				0D022F7DCC3BD74B87D56658 /* Pods */,
				D8A837371397316DDFF162F4 /* Frameworks */,
			);
			sourceTree = "<group>";
		};
		18259C6B1FBA3687007456A3 /* Products */ = {
			isa = PBXGroup;
			children = (
				18259C6A1FBA3687007456A3 /* ECommerceApp.app */,
			);
			name = Products;
			sourceTree = "<group>";
		};
		18259C6C1FBA3687007456A3 /* ECommerceApp */ = {
			isa = PBXGroup;
			children = (
				15E9B29C1FBB251600D1141C /* ECommerceApp.entitlements */,
				18259C6D1FBA3687007456A3 /* AppDelegate.swift */,
				183EBC251FBD719C00208AEC /* Model */,
				183EBC1E1FBCC76B00208AEC /* Settings */,
				183EBC1F1FBCC7CA00208AEC /* Register */,
				183EBC241FBCCA3700208AEC /* Recent */,
				18259C711FBA3687007456A3 /* Main.storyboard */,
				18259C741FBA3687007456A3 /* Assets.xcassets */,
				18259C761FBA3687007456A3 /* LaunchScreen.storyboard */,
				18259C791FBA3687007456A3 /* Info.plist */,
				18259C7F1FBA3794007456A3 /* GoogleService-Info.plist */,
				1565483B1FBAEB3700605F43 /* ECommerceApp-Bridging-Header.h */,
				1858C0CE1FBB7C8B00F1398F /* ProgressHUD */,
			);
			path = ECommerceApp;
			sourceTree = "<group>";
		};
		183EBC1E1FBCC76B00208AEC /* Settings */ = {
			isa = PBXGroup;
			children = (
				15E9B29A1FBB058600D1141C /* Settings.swift */,
				15E9B2941FBAF09100D1141C /* Constants.swift */,
			);
			path = Settings;
			sourceTree = "<group>";
		};
		183EBC1F1FBCC7CA00208AEC /* Register */ = {
			isa = PBXGroup;
			children = (
				15E9B2961FBAF2D800D1141C /* RegisterViewController.swift */,
			);
			path = Register;
			sourceTree = "<group>";
		};
		183EBC241FBCCA3700208AEC /* Recent */ = {
			isa = PBXGroup;
			children = (
				183EBC201FBCC80D00208AEC /* RecentViewController.swift */,
				183EBC221FBCC8AB00208AEC /* PropertyCollectionViewCell.swift */,
			);
			path = Recent;
			sourceTree = "<group>";
		};
		183EBC251FBD719C00208AEC /* Model */ = {
			isa = PBXGroup;
			children = (
				15E9B2981FBB022D00D1141C /* FUser.swift */,
				183EBC261FBD71AD00208AEC /* Property.swift */,
			);
			path = Model;
			sourceTree = "<group>";
		};
		1858C0CE1FBB7C8B00F1398F /* ProgressHUD */ = {
			isa = PBXGroup;
			children = (
				1858C0CF1FBB7C8B00F1398F /* ProgressHUD.bundle */,
				1858C0D01FBB7C8B00F1398F /* ProgressHUD.h */,
				1858C0D11FBB7C8B00F1398F /* ProgressHUD.m */,
			);
			path = ProgressHUD;
			sourceTree = "<group>";
		};
		D8A837371397316DDFF162F4 /* Frameworks */ = {
			isa = PBXGroup;
			children = (
				76D5240AF3E8C3E1CB6B60D3 /* Pods_ECommerceApp.framework */,
			);
			name = Frameworks;
			sourceTree = "<group>";
		};
/* End PBXGroup section */

/* Begin PBXNativeTarget section */
		18259C691FBA3687007456A3 /* ECommerceApp */ = {
			isa = PBXNativeTarget;
			buildConfigurationList = 18259C7C1FBA3687007456A3 /* Build configuration list for PBXNativeTarget "ECommerceApp" */;
			buildPhases = (
				2EF9BC53E87175D4344F7482 /* [CP] Check Pods Manifest.lock */,
				18259C661FBA3687007456A3 /* Sources */,
				18259C671FBA3687007456A3 /* Frameworks */,
				18259C681FBA3687007456A3 /* Resources */,
				A176AE5912F3B74D72278250 /* [CP] Embed Pods Frameworks */,
				A61408898FF1E9DA2946C27E /* [CP] Copy Pods Resources */,
			);
			buildRules = (
			);
			dependencies = (
			);
			name = ECommerceApp;
			productName = ECommerceApp;
			productReference = 18259C6A1FBA3687007456A3 /* ECommerceApp.app */;
			productType = "com.apple.product-type.application";
		};
/* End PBXNativeTarget section */

/* Begin PBXProject section */
		18259C621FBA3687007456A3 /* Project object */ = {
			isa = PBXProject;
			attributes = {
				LastSwiftUpdateCheck = 0910;
				LastUpgradeCheck = 0910;
				ORGANIZATIONNAME = "Anton Novoselov";
				TargetAttributes = {
					18259C691FBA3687007456A3 = {
						CreatedOnToolsVersion = 9.1;
						LastSwiftMigration = 0910;
						ProvisioningStyle = Automatic;
						SystemCapabilities = {
							com.apple.Push = {
								enabled = 1;
							};
						};
					};
				};
			};
			buildConfigurationList = 18259C651FBA3687007456A3 /* Build configuration list for PBXProject "ECommerceApp" */;
			compatibilityVersion = "Xcode 8.0";
			developmentRegion = en;
			hasScannedForEncodings = 0;
			knownRegions = (
				en,
				Base,
			);
			mainGroup = 18259C611FBA3687007456A3;
			productRefGroup = 18259C6B1FBA3687007456A3 /* Products */;
			projectDirPath = "";
			projectRoot = "";
			targets = (
				18259C691FBA3687007456A3 /* ECommerceApp */,
			);
		};
/* End PBXProject section */

/* Begin PBXResourcesBuildPhase section */
		18259C681FBA3687007456A3 /* Resources */ = {
			isa = PBXResourcesBuildPhase;
			buildActionMask = 2147483647;
			files = (
				18259C781FBA3687007456A3 /* LaunchScreen.storyboard in Resources */,
				18259C801FBA3794007456A3 /* GoogleService-Info.plist in Resources */,
				18259C751FBA3687007456A3 /* Assets.xcassets in Resources */,
				1858C0D21FBB7C8B00F1398F /* ProgressHUD.bundle in Resources */,
				18259C731FBA3687007456A3 /* Main.storyboard in Resources */,
			);
			runOnlyForDeploymentPostprocessing = 0;
		};
/* End PBXResourcesBuildPhase section */

/* Begin PBXShellScriptBuildPhase section */
		2EF9BC53E87175D4344F7482 /* [CP] Check Pods Manifest.lock */ = {
			isa = PBXShellScriptBuildPhase;
			buildActionMask = 2147483647;
			files = (
			);
			inputPaths = (
				"${PODS_PODFILE_DIR_PATH}/Podfile.lock",
				"${PODS_ROOT}/Manifest.lock",
			);
			name = "[CP] Check Pods Manifest.lock";
			outputPaths = (
				"$(DERIVED_FILE_DIR)/Pods-ECommerceApp-checkManifestLockResult.txt",
			);
			runOnlyForDeploymentPostprocessing = 0;
			shellPath = /bin/sh;
			shellScript = "diff \"${PODS_PODFILE_DIR_PATH}/Podfile.lock\" \"${PODS_ROOT}/Manifest.lock\" > /dev/null\nif [ $? != 0 ] ; then\n    # print error to STDERR\n    echo \"error: The sandbox is not in sync with the Podfile.lock. Run 'pod install' or update your CocoaPods installation.\" >&2\n    exit 1\nfi\n# This output is used by Xcode 'outputs' to avoid re-running this script phase.\necho \"SUCCESS\" > \"${SCRIPT_OUTPUT_FILE_0}\"\n";
			showEnvVarsInLog = 0;
		};
		A176AE5912F3B74D72278250 /* [CP] Embed Pods Frameworks */ = {
			isa = PBXShellScriptBuildPhase;
			buildActionMask = 2147483647;
			files = (
			);
			inputPaths = (
				"${SRCROOT}/Pods/Target Support Files/Pods-ECommerceApp/Pods-ECommerceApp-frameworks.sh",
				"${BUILT_PRODUCTS_DIR}/GTMSessionFetcher/GTMSessionFetcher.framework",
				"${BUILT_PRODUCTS_DIR}/GoogleToolboxForMac/GoogleToolboxForMac.framework",
				"${BUILT_PRODUCTS_DIR}/leveldb-library/leveldb.framework",
				"${BUILT_PRODUCTS_DIR}/nanopb/nanopb.framework",
			);
			name = "[CP] Embed Pods Frameworks";
			outputPaths = (
				"${TARGET_BUILD_DIR}/${FRAMEWORKS_FOLDER_PATH}/GTMSessionFetcher.framework",
				"${TARGET_BUILD_DIR}/${FRAMEWORKS_FOLDER_PATH}/GoogleToolboxForMac.framework",
				"${TARGET_BUILD_DIR}/${FRAMEWORKS_FOLDER_PATH}/leveldb.framework",
				"${TARGET_BUILD_DIR}/${FRAMEWORKS_FOLDER_PATH}/nanopb.framework",
			);
			runOnlyForDeploymentPostprocessing = 0;
			shellPath = /bin/sh;
			shellScript = "\"${SRCROOT}/Pods/Target Support Files/Pods-ECommerceApp/Pods-ECommerceApp-frameworks.sh\"\n";
			showEnvVarsInLog = 0;
		};
		A61408898FF1E9DA2946C27E /* [CP] Copy Pods Resources */ = {
			isa = PBXShellScriptBuildPhase;
			buildActionMask = 2147483647;
			files = (
			);
			inputPaths = (
			);
			name = "[CP] Copy Pods Resources";
			outputPaths = (
			);
			runOnlyForDeploymentPostprocessing = 0;
			shellPath = /bin/sh;
			shellScript = "\"${SRCROOT}/Pods/Target Support Files/Pods-ECommerceApp/Pods-ECommerceApp-resources.sh\"\n";
			showEnvVarsInLog = 0;
		};
/* End PBXShellScriptBuildPhase section */

/* Begin PBXSourcesBuildPhase section */
		18259C661FBA3687007456A3 /* Sources */ = {
			isa = PBXSourcesBuildPhase;
			buildActionMask = 2147483647;
			files = (
				183EBC271FBD71AD00208AEC /* Property.swift in Sources */,
				1858C0D31FBB7C8B00F1398F /* ProgressHUD.m in Sources */,
				183EBC211FBCC80D00208AEC /* RecentViewController.swift in Sources */,
				18259C6E1FBA3687007456A3 /* AppDelegate.swift in Sources */,
				15E9B2951FBAF09100D1141C /* Constants.swift in Sources */,
				15E9B2971FBAF2D800D1141C /* RegisterViewController.swift in Sources */,
				15E9B2991FBB022D00D1141C /* FUser.swift in Sources */,
				183EBC231FBCC8AB00208AEC /* PropertyCollectionViewCell.swift in Sources */,
				15E9B29B1FBB058700D1141C /* Settings.swift in Sources */,
			);
			runOnlyForDeploymentPostprocessing = 0;
		};
/* End PBXSourcesBuildPhase section */

/* Begin PBXVariantGroup section */
		18259C711FBA3687007456A3 /* Main.storyboard */ = {
			isa = PBXVariantGroup;
			children = (
				18259C721FBA3687007456A3 /* Base */,
			);
			name = Main.storyboard;
			sourceTree = "<group>";
		};
		18259C761FBA3687007456A3 /* LaunchScreen.storyboard */ = {
			isa = PBXVariantGroup;
			children = (
				18259C771FBA3687007456A3 /* Base */,
			);
			name = LaunchScreen.storyboard;
			sourceTree = "<group>";
		};
/* End PBXVariantGroup section */

/* Begin XCBuildConfiguration section */
		18259C7A1FBA3687007456A3 /* Debug */ = {
			isa = XCBuildConfiguration;
			buildSettings = {
				ALWAYS_SEARCH_USER_PATHS = NO;
				CLANG_ANALYZER_NONNULL = YES;
				CLANG_ANALYZER_NUMBER_OBJECT_CONVERSION = YES_AGGRESSIVE;
				CLANG_CXX_LANGUAGE_STANDARD = "gnu++14";
				CLANG_CXX_LIBRARY = "libc++";
				CLANG_ENABLE_MODULES = YES;
				CLANG_ENABLE_OBJC_ARC = YES;
				CLANG_WARN_BLOCK_CAPTURE_AUTORELEASING = YES;
				CLANG_WARN_BOOL_CONVERSION = YES;
				CLANG_WARN_COMMA = YES;
				CLANG_WARN_CONSTANT_CONVERSION = YES;
				CLANG_WARN_DIRECT_OBJC_ISA_USAGE = YES_ERROR;
				CLANG_WARN_DOCUMENTATION_COMMENTS = YES;
				CLANG_WARN_EMPTY_BODY = YES;
				CLANG_WARN_ENUM_CONVERSION = YES;
				CLANG_WARN_INFINITE_RECURSION = YES;
				CLANG_WARN_INT_CONVERSION = YES;
				CLANG_WARN_NON_LITERAL_NULL_CONVERSION = YES;
				CLANG_WARN_OBJC_LITERAL_CONVERSION = YES;
				CLANG_WARN_OBJC_ROOT_CLASS = YES_ERROR;
				CLANG_WARN_RANGE_LOOP_ANALYSIS = YES;
				CLANG_WARN_STRICT_PROTOTYPES = YES;
				CLANG_WARN_SUSPICIOUS_MOVE = YES;
				CLANG_WARN_UNGUARDED_AVAILABILITY = YES_AGGRESSIVE;
				CLANG_WARN_UNREACHABLE_CODE = YES;
				CLANG_WARN__DUPLICATE_METHOD_MATCH = YES;
				CODE_SIGN_IDENTITY = "iPhone Developer";
				COPY_PHASE_STRIP = NO;
				DEBUG_INFORMATION_FORMAT = dwarf;
				ENABLE_STRICT_OBJC_MSGSEND = YES;
				ENABLE_TESTABILITY = YES;
				GCC_C_LANGUAGE_STANDARD = gnu11;
				GCC_DYNAMIC_NO_PIC = NO;
				GCC_NO_COMMON_BLOCKS = YES;
				GCC_OPTIMIZATION_LEVEL = 0;
				GCC_PREPROCESSOR_DEFINITIONS = (
					"DEBUG=1",
					"$(inherited)",
				);
				GCC_WARN_64_TO_32_BIT_CONVERSION = YES;
				GCC_WARN_ABOUT_RETURN_TYPE = YES_ERROR;
				GCC_WARN_UNDECLARED_SELECTOR = YES;
				GCC_WARN_UNINITIALIZED_AUTOS = YES_AGGRESSIVE;
				GCC_WARN_UNUSED_FUNCTION = YES;
				GCC_WARN_UNUSED_VARIABLE = YES;
				IPHONEOS_DEPLOYMENT_TARGET = 11.1;
				MTL_ENABLE_DEBUG_INFO = YES;
				ONLY_ACTIVE_ARCH = YES;
				SDKROOT = iphoneos;
				SWIFT_ACTIVE_COMPILATION_CONDITIONS = DEBUG;
				SWIFT_OPTIMIZATION_LEVEL = "-Onone";
			};
			name = Debug;
		};
		18259C7B1FBA3687007456A3 /* Release */ = {
			isa = XCBuildConfiguration;
			buildSettings = {
				ALWAYS_SEARCH_USER_PATHS = NO;
				CLANG_ANALYZER_NONNULL = YES;
				CLANG_ANALYZER_NUMBER_OBJECT_CONVERSION = YES_AGGRESSIVE;
				CLANG_CXX_LANGUAGE_STANDARD = "gnu++14";
				CLANG_CXX_LIBRARY = "libc++";
				CLANG_ENABLE_MODULES = YES;
				CLANG_ENABLE_OBJC_ARC = YES;
				CLANG_WARN_BLOCK_CAPTURE_AUTORELEASING = YES;
				CLANG_WARN_BOOL_CONVERSION = YES;
				CLANG_WARN_COMMA = YES;
				CLANG_WARN_CONSTANT_CONVERSION = YES;
				CLANG_WARN_DIRECT_OBJC_ISA_USAGE = YES_ERROR;
				CLANG_WARN_DOCUMENTATION_COMMENTS = YES;
				CLANG_WARN_EMPTY_BODY = YES;
				CLANG_WARN_ENUM_CONVERSION = YES;
				CLANG_WARN_INFINITE_RECURSION = YES;
				CLANG_WARN_INT_CONVERSION = YES;
				CLANG_WARN_NON_LITERAL_NULL_CONVERSION = YES;
				CLANG_WARN_OBJC_LITERAL_CONVERSION = YES;
				CLANG_WARN_OBJC_ROOT_CLASS = YES_ERROR;
				CLANG_WARN_RANGE_LOOP_ANALYSIS = YES;
				CLANG_WARN_STRICT_PROTOTYPES = YES;
				CLANG_WARN_SUSPICIOUS_MOVE = YES;
				CLANG_WARN_UNGUARDED_AVAILABILITY = YES_AGGRESSIVE;
				CLANG_WARN_UNREACHABLE_CODE = YES;
				CLANG_WARN__DUPLICATE_METHOD_MATCH = YES;
				CODE_SIGN_IDENTITY = "iPhone Developer";
				COPY_PHASE_STRIP = NO;
				DEBUG_INFORMATION_FORMAT = "dwarf-with-dsym";
				ENABLE_NS_ASSERTIONS = NO;
				ENABLE_STRICT_OBJC_MSGSEND = YES;
				GCC_C_LANGUAGE_STANDARD = gnu11;
				GCC_NO_COMMON_BLOCKS = YES;
				GCC_WARN_64_TO_32_BIT_CONVERSION = YES;
				GCC_WARN_ABOUT_RETURN_TYPE = YES_ERROR;
				GCC_WARN_UNDECLARED_SELECTOR = YES;
				GCC_WARN_UNINITIALIZED_AUTOS = YES_AGGRESSIVE;
				GCC_WARN_UNUSED_FUNCTION = YES;
				GCC_WARN_UNUSED_VARIABLE = YES;
				IPHONEOS_DEPLOYMENT_TARGET = 11.1;
				MTL_ENABLE_DEBUG_INFO = NO;
				SDKROOT = iphoneos;
				SWIFT_OPTIMIZATION_LEVEL = "-Owholemodule";
				VALIDATE_PRODUCT = YES;
			};
			name = Release;
		};
		18259C7D1FBA3687007456A3 /* Debug */ = {
			isa = XCBuildConfiguration;
			baseConfigurationReference = 83D2C74B81F689F3744313A5 /* Pods-ECommerceApp.debug.xcconfig */;
			buildSettings = {
				ASSETCATALOG_COMPILER_APPICON_NAME = AppIcon;
				CLANG_ENABLE_MODULES = YES;
				CODE_SIGN_ENTITLEMENTS = ECommerceApp/ECommerceApp.entitlements;
				CODE_SIGN_STYLE = Automatic;
				DEVELOPMENT_TEAM = 358V8FBM3U;
				INFOPLIST_FILE = ECommerceApp/Info.plist;
				IPHONEOS_DEPLOYMENT_TARGET = 11.0;
				LD_RUNPATH_SEARCH_PATHS = "$(inherited) @executable_path/Frameworks";
				PRODUCT_BUNDLE_IDENTIFIER = com.antonnovoselov.ECommerceApp;
				PRODUCT_NAME = "$(TARGET_NAME)";
				SWIFT_OBJC_BRIDGING_HEADER = "ECommerceApp/ECommerceApp-Bridging-Header.h";
				SWIFT_OPTIMIZATION_LEVEL = "-Onone";
				SWIFT_VERSION = 4.0;
				TARGETED_DEVICE_FAMILY = "1,2";
			};
			name = Debug;
		};
		18259C7E1FBA3687007456A3 /* Release */ = {
			isa = XCBuildConfiguration;
			baseConfigurationReference = 052B37B353C2A71404567A14 /* Pods-ECommerceApp.release.xcconfig */;
			buildSettings = {
				ASSETCATALOG_COMPILER_APPICON_NAME = AppIcon;
				CLANG_ENABLE_MODULES = YES;
				CODE_SIGN_ENTITLEMENTS = ECommerceApp/ECommerceApp.entitlements;
				CODE_SIGN_STYLE = Automatic;
				DEVELOPMENT_TEAM = 358V8FBM3U;
				INFOPLIST_FILE = ECommerceApp/Info.plist;
				IPHONEOS_DEPLOYMENT_TARGET = 11.0;
				LD_RUNPATH_SEARCH_PATHS = "$(inherited) @executable_path/Frameworks";
				PRODUCT_BUNDLE_IDENTIFIER = com.antonnovoselov.ECommerceApp;
				PRODUCT_NAME = "$(TARGET_NAME)";
				SWIFT_OBJC_BRIDGING_HEADER = "ECommerceApp/ECommerceApp-Bridging-Header.h";
				SWIFT_VERSION = 4.0;
				TARGETED_DEVICE_FAMILY = "1,2";
			};
			name = Release;
		};
/* End XCBuildConfiguration section */

/* Begin XCConfigurationList section */
		18259C651FBA3687007456A3 /* Build configuration list for PBXProject "ECommerceApp" */ = {
			isa = XCConfigurationList;
			buildConfigurations = (
				18259C7A1FBA3687007456A3 /* Debug */,
				18259C7B1FBA3687007456A3 /* Release */,
			);
			defaultConfigurationIsVisible = 0;
			defaultConfigurationName = Release;
		};
		18259C7C1FBA3687007456A3 /* Build configuration list for PBXNativeTarget "ECommerceApp" */ = {
			isa = XCConfigurationList;
			buildConfigurations = (
				18259C7D1FBA3687007456A3 /* Debug */,
				18259C7E1FBA3687007456A3 /* Release */,
			);
			defaultConfigurationIsVisible = 0;
			defaultConfigurationName = Release;
		};
/* End XCConfigurationList section */
	};
	rootObject = 18259C621FBA3687007456A3 /* Project object */;
}
